
Microsoft Visual Studio Solution File, Format Version 12.00
# Visual Studio 15
VisualStudioVersion = 15.0.28307.168
MinimumVisualStudioVersion = 10.0.40219.1
Project("{FAE04EC0-301F-11D3-BF4B-00C04F79EFBC}") = "SfDataGrid_Demo", "SfDataGrid_Demo.csproj", "{78271C01-E66A-49F1-9026-702DBC3A9085}"
EndProject
Global
	GlobalSection(SolutionConfigurationPlatforms) = preSolution
		Debug|Any CPU = Debug|Any CPU
		Release|Any CPU = Release|Any CPU
	EndGlobalSection
	GlobalSection(ProjectConfigurationPlatforms) = postSolution
		{78271C01-E66A-49F1-9026-702DBC3A9085}.Debug|Any CPU.ActiveCfg = Debug|Any CPU
		{78271C01-E66A-49F1-9026-702DBC3A9085}.Debug|Any CPU.Build.0 = Debug|Any CPU
		{78271C01-E66A-49F1-9026-702DBC3A9085}.Release|Any CPU.ActiveCfg = Release|Any CPU
		{78271C01-E66A-49F1-9026-702DBC3A9085}.Release|Any CPU.Build.0 = Release|Any CPU
	EndGlobalSection
	GlobalSection(SolutionProperties) = preSolution
		HideSolutionNode = FALSE
	EndGlobalSection
	GlobalSection(ExtensibilityGlobals) = postSolution
		SolutionGuid = {DE5BEF20-1559-4435-821F-92B8CEE686C4}
	EndGlobalSection
EndGlobal
